{
  "nodes": {
    "flake-utils": {
      "locked": {
        "lastModified": 1667395993,
        "narHash": "sha256-nuEHfE/LcWyuSWnS8t12N1wc105Qtau+/OdUAjtQ0rA=",
        "owner": "numtide",
        "repo": "flake-utils",
        "rev": "5aed5285a952e0b949eb3ba02c12fa4fcfef535f",
        "type": "github"
      },
      "original": {
        "owner": "numtide",
        "repo": "flake-utils",
        "type": "github"
      }
    },
    "flake-utils_2": {
      "locked": {
        "lastModified": 1638122382,
        "narHash": "sha256-sQzZzAbvKEqN9s0bzWuYmRaA03v40gaJ4+iL1LXjaeI=",
        "owner": "numtide",
        "repo": "flake-utils",
        "rev": "74f7e4319258e287b0f9cb95426c9853b282730b",
        "type": "github"
      },
      "original": {
        "owner": "numtide",
        "repo": "flake-utils",
        "type": "github"
      }
    },
    "flake-utils_3": {
      "locked": {
        "lastModified": 1659877975,
        "narHash": "sha256-zllb8aq3YO3h8B/U0/J1WBgAL8EX5yWf5pMj3G0NAmc=",
        "owner": "numtide",
        "repo": "flake-utils",
        "rev": "c0e246b9b83f637f4681389ecabcb2681b4f3af0",
        "type": "github"
      },
      "original": {
        "owner": "numtide",
        "repo": "flake-utils",
        "type": "github"
      }
    },
    "githud": {
      "inputs": {
        "flake-utils": "flake-utils_2",
        "nixpkgs": "nixpkgs"
      },
      "locked": {
        "lastModified": 1666509145,
        "narHash": "sha256-qfvvoRoTDzXjJne5HRk1Y9caZI6DiH16m1wT7aWEWuw=",
        "owner": "gbataille",
        "repo": "gitHUD",
        "rev": "99902f4d9f4ee114da8d641f46f159b0c819e2ab",
        "type": "github"
      },
      "original": {
        "owner": "gbataille",
        "repo": "gitHUD",
        "type": "github"
      }
    },
    "home-manager": {
      "inputs": {
        "nixpkgs": [
          "nixpkgs"
        ],
        "utils": "utils"
      },
      "locked": {
        "lastModified": 1668900402,
        "narHash": "sha256-IhVlueHoQNoN0SOHZIceKU3LyEL00g2ei0aUlaNypbQ=",
        "owner": "nix-community",
        "repo": "home-manager",
        "rev": "c0f9cbcf93ca22e4f0ca66843be61a4bdf6f0a44",
        "type": "github"
      },
      "original": {
        "owner": "nix-community",
        "repo": "home-manager",
        "type": "github"
      }
    },
    "neovim": {
      "inputs": {
        "flake-utils": "flake-utils_3",
        "nixpkgs": [
          "nixpkgs"
        ]
      },
      "locked": {
        "dir": "contrib",
        "lastModified": 1668940950,
        "narHash": "sha256-dV6fg5Iwnfee1EMwknhj9b/hp6y5zhf+h5hOXQZl0Hs=",
        "owner": "neovim",
        "repo": "neovim",
        "rev": "822eabc5e123bca71ba945467c3b01110bb0e003",
        "type": "github"
      },
      "original": {
        "dir": "contrib",
        "owner": "neovim",
        "repo": "neovim",
        "type": "github"
      }
    },
    "nix-medley": {
      "inputs": {
        "nixpkgs": [
          "nixpkgs"
        ]
      },
      "locked": {
        "lastModified": 1641111323,
        "narHash": "sha256-hS5dE3NzeQNAwjyZpN0s7H1x/DBPyf/yk69X+2+acZk=",
        "owner": "jlesquembre",
        "repo": "nix-medley",
        "rev": "b9cde646575a9fb2d5309666d5dd6ec28c9a46c1",
        "type": "github"
      },
      "original": {
        "owner": "jlesquembre",
        "repo": "nix-medley",
        "type": "github"
      }
    },
    "nixos-hardware": {
      "locked": {
        "lastModified": 1668334946,
        "narHash": "sha256-omMbUj4r5DVBWh7KxkoO/Z/1V1shVR6Ls4jXNB4mr3U=",
        "owner": "NixOS",
        "repo": "nixos-hardware",
        "rev": "e0452b33ab0ef16ffe075e980644ed92a6a200bb",
        "type": "github"
      },
      "original": {
        "owner": "NixOS",
        "ref": "master",
        "repo": "nixos-hardware",
        "type": "github"
      }
    },
    "nixpkgs": {
      "locked": {
        "lastModified": 1663850217,
        "narHash": "sha256-tp9nXo1/IdN/xN9m06ryy0QUAEfoN6K56ObM/1QTAjc=",
        "owner": "NixOS",
        "repo": "nixpkgs",
        "rev": "ae1dc133ea5f1538d035af41e5ddbc2ebcb67b90",
        "type": "github"
      },
      "original": {
        "owner": "NixOS",
        "ref": "nixos-unstable",
        "repo": "nixpkgs",
        "type": "github"
      }
    },
    "nixpkgs-22_05": {
      "locked": {
        "lastModified": 1668908668,
        "narHash": "sha256-oimCE4rY7Btuo/VYmA8khIyTHSMV7qUWTpz9w8yc9LQ=",
        "owner": "NixOS",
        "repo": "nixpkgs",
        "rev": "b68a6a27adb452879ab66c0eaac0c133e32823b2",
        "type": "github"
      },
      "original": {
        "owner": "NixOS",
        "ref": "release-22.05",
        "repo": "nixpkgs",
        "type": "github"
      }
    },
    "nixpkgs_2": {
      "locked": {
        "lastModified": 1668765800,
        "narHash": "sha256-rC40+/W6Hio7b/RsY8SvQPKNx4WqNcTgfYv8cUMAvJk=",
        "owner": "NixOS",
        "repo": "nixpkgs",
        "rev": "52b2ac8ae18bbad4374ff0dd5aeee0fdf1aea739",
        "type": "github"
      },
      "original": {
        "owner": "NixOS",
        "ref": "nixos-unstable",
        "repo": "nixpkgs",
        "type": "github"
      }
    },
    "root": {
      "inputs": {
        "flake-utils": "flake-utils",
        "githud": "githud",
        "home-manager": "home-manager",
        "neovim": "neovim",
        "nix-medley": "nix-medley",
        "nixos-hardware": "nixos-hardware",
        "nixpkgs": "nixpkgs_2",
        "sops-nix": "sops-nix"
      }
    },
    "sops-nix": {
      "inputs": {
        "nixpkgs": [
          "nixpkgs"
        ],
        "nixpkgs-22_05": "nixpkgs-22_05"
      },
      "locked": {
        "lastModified": 1668915833,
        "narHash": "sha256-7VYPiDJZdGct8Nl3kKhg580XZfoRcViO+zUGPkfBsqM=",
        "owner": "Mic92",
        "repo": "sops-nix",
        "rev": "f72e050c3ef148b1131a0d2df55385c045e4166b",
        "type": "github"
      },
      "original": {
        "owner": "Mic92",
        "repo": "sops-nix",
        "type": "github"
      }
    },
    "utils": {
      "locked": {
        "lastModified": 1667395993,
        "narHash": "sha256-nuEHfE/LcWyuSWnS8t12N1wc105Qtau+/OdUAjtQ0rA=",
        "owner": "numtide",
        "repo": "flake-utils",
        "rev": "5aed5285a952e0b949eb3ba02c12fa4fcfef535f",
        "type": "github"
      },
      "original": {
        "owner": "numtide",
        "repo": "flake-utils",
        "type": "github"
      }
    }
  },
  "root": "root",
  "version": 7
}
