{
  "nodes": {
    "flake-utils": {
      "locked": {
        "lastModified": 1652776076,
        "narHash": "sha256-gzTw/v1vj4dOVbpBSJX4J0DwUR6LIyXo7/SuuTJp1kM=",
        "owner": "numtide",
        "repo": "flake-utils",
        "rev": "04c1b180862888302ddfb2e3ad9eaa63afc60cf8",
        "type": "github"
      },
      "original": {
        "owner": "numtide",
        "repo": "flake-utils",
        "type": "github"
      }
    },
    "flake-utils_2": {
      "locked": {
        "lastModified": 1638122382,
        "narHash": "sha256-sQzZzAbvKEqN9s0bzWuYmRaA03v40gaJ4+iL1LXjaeI=",
        "owner": "numtide",
        "repo": "flake-utils",
        "rev": "74f7e4319258e287b0f9cb95426c9853b282730b",
        "type": "github"
      },
      "original": {
        "owner": "numtide",
        "repo": "flake-utils",
        "type": "github"
      }
    },
    "flake-utils_3": {
      "locked": {
        "lastModified": 1644229661,
        "narHash": "sha256-1YdnJAsNy69bpcjuoKdOYQX0YxZBiCYZo4Twxerqv7k=",
        "owner": "numtide",
        "repo": "flake-utils",
        "rev": "3cecb5b042f7f209c56ffd8371b2711a290ec797",
        "type": "github"
      },
      "original": {
        "owner": "numtide",
        "repo": "flake-utils",
        "type": "github"
      }
    },
    "githud": {
      "inputs": {
        "flake-utils": "flake-utils_2",
        "nixpkgs": "nixpkgs"
      },
      "locked": {
        "lastModified": 1641879721,
        "narHash": "sha256-B5S2Ft5E2y3xn/jNssou7Bs3o3CVetRqHVMsEWztydM=",
        "owner": "gbataille",
        "repo": "gitHUD",
        "rev": "3c4d503cdfd7c7992c536be449a044c179b52253",
        "type": "github"
      },
      "original": {
        "owner": "gbataille",
        "repo": "gitHUD",
        "type": "github"
      }
    },
    "home-manager": {
      "inputs": {
        "nixpkgs": [
          "nixpkgs"
        ]
      },
      "locked": {
        "lastModified": 1653153149,
        "narHash": "sha256-8B/tWWZziFq4DqnAm9uO7M4Z4PNfllYg5+teX1e5yDQ=",
        "owner": "nix-community",
        "repo": "home-manager",
        "rev": "94780dd888881bf35165dfdd334a57ef6b14ead8",
        "type": "github"
      },
      "original": {
        "owner": "nix-community",
        "repo": "home-manager",
        "type": "github"
      }
    },
    "neovim": {
      "inputs": {
        "flake-utils": "flake-utils_3",
        "nixpkgs": [
          "nixpkgs"
        ]
      },
      "locked": {
        "dir": "contrib",
        "lastModified": 1653333202,
        "narHash": "sha256-8gLtIhn9v2OhTKpsurE2MJsHj4ravWk3OR0ARW/wEJE=",
        "owner": "neovim",
        "repo": "neovim",
        "rev": "37ee800b519c2e071ad6cfe623721521558bb12d",
        "type": "github"
      },
      "original": {
        "dir": "contrib",
        "owner": "neovim",
        "repo": "neovim",
        "type": "github"
      }
    },
    "nix-medley": {
      "inputs": {
        "nixpkgs": [
          "nixpkgs"
        ]
      },
      "locked": {
        "lastModified": 1641111323,
        "narHash": "sha256-hS5dE3NzeQNAwjyZpN0s7H1x/DBPyf/yk69X+2+acZk=",
        "owner": "jlesquembre",
        "repo": "nix-medley",
        "rev": "b9cde646575a9fb2d5309666d5dd6ec28c9a46c1",
        "type": "github"
      },
      "original": {
        "owner": "jlesquembre",
        "repo": "nix-medley",
        "type": "github"
      }
    },
    "nixos-hardware": {
      "locked": {
        "lastModified": 1653145312,
        "narHash": "sha256-affCuB0Boa8CDFykoJVPZfhHLBok7Sq+QEOJvo3Xf+k=",
        "owner": "NixOS",
        "repo": "nixos-hardware",
        "rev": "8b5e1bf2fd62adefff05ae67cd49440be93ea193",
        "type": "github"
      },
      "original": {
        "owner": "NixOS",
        "ref": "master",
        "repo": "nixos-hardware",
        "type": "github"
      }
    },
    "nixpkgs": {
      "locked": {
        "lastModified": 1604676518,
        "narHash": "sha256-XxBkKUNKPBp+YG2ExbR4TBaDbUVwyL03aEIQCv4dvU0=",
        "owner": "NixOS",
        "repo": "nixpkgs",
        "rev": "0bf298df24f721a7f85c580339fb7eeff64b927c",
        "type": "github"
      },
      "original": {
        "owner": "NixOS",
        "repo": "nixpkgs",
        "rev": "0bf298df24f721a7f85c580339fb7eeff64b927c",
        "type": "github"
      }
    },
    "nixpkgs-21_11": {
      "locked": {
        "lastModified": 1653132211,
        "narHash": "sha256-5ugEYisGqixwarfn3BJvuWDnO6gT/AoxlsA6jnG8Fv8=",
        "owner": "NixOS",
        "repo": "nixpkgs",
        "rev": "b5991e4971523a5fcc9413b9003b58e5c15aa7d8",
        "type": "github"
      },
      "original": {
        "owner": "NixOS",
        "ref": "release-21.11",
        "repo": "nixpkgs",
        "type": "github"
      }
    },
    "nixpkgs_2": {
      "locked": {
        "lastModified": 1653060744,
        "narHash": "sha256-kfRusllRumpt33J1hPV+CeCCylCXEU7e0gn2/cIM7cY=",
        "owner": "NixOS",
        "repo": "nixpkgs",
        "rev": "dfd82985c273aac6eced03625f454b334daae2e8",
        "type": "github"
      },
      "original": {
        "owner": "NixOS",
        "ref": "nixos-unstable",
        "repo": "nixpkgs",
        "type": "github"
      }
    },
    "root": {
      "inputs": {
        "flake-utils": "flake-utils",
        "githud": "githud",
        "home-manager": "home-manager",
        "neovim": "neovim",
        "nix-medley": "nix-medley",
        "nixos-hardware": "nixos-hardware",
        "nixpkgs": "nixpkgs_2",
        "sops-nix": "sops-nix"
      }
    },
    "sops-nix": {
      "inputs": {
        "nixpkgs": [
          "nixpkgs"
        ],
        "nixpkgs-21_11": "nixpkgs-21_11"
      },
      "locked": {
        "lastModified": 1653237221,
        "narHash": "sha256-zMgangC+wDXvdAz/aP5jDg/Paw7icNFhQIZsJVACMc0=",
        "owner": "Mic92",
        "repo": "sops-nix",
        "rev": "13079f98ddfdc9e06e4b688332626ca954c14264",
        "type": "github"
      },
      "original": {
        "owner": "Mic92",
        "repo": "sops-nix",
        "type": "github"
      }
    }
  },
  "root": "root",
  "version": 7
}
